schema: '2.0'
stages:
  get_data:
    cmd: python get_data.py
    deps:
    - path: get_data.py
      md5: 4e8ff0e18dffb99d793d5d88e3658bfa
      size: 525
    outs:
    - path: data_raw.csv
      md5: a6aec8da63a5fa2619af025a76746f29
      size: 68868
  process:
    cmd: python process_data.py
    deps:
    - path: data_raw.csv
      md5: a6aec8da63a5fa2619af025a76746f29
      size: 68868
    - path: process_data.py
      md5: 79b357c12f171f3d07c76780815b651c
      size: 900
    outs:
    - path: data_processed.csv
      md5: 03269b6c0a766dc80e090326008765b3
      size: 24227
  train:
    cmd: python train.py
    deps:
    - path: data_processed.csv
      md5: 03269b6c0a766dc80e090326008765b3
      size: 24227
    - path: train.py
      md5: a7fbea84d68684e92e04378c98119a14
      size: 1794
    outs:
    - path: by_region.png
      md5: acbc02bf692cec5f39f96570518de327
      size: 7881
    - path: metrics.json
      md5: 5cb286e2679df2c5556e07c5b869b6ca
      size: 89
    - path: models/clf
      md5: 2ee9de1f3ca0ae52ee8d83664e60a420
      size: 1367
    - path: models/clf.mlem
      md5: 674651fb73c6549f74499b2b17cb0ec9
      size: 984
