schema: '2.0'
stages:
  get_data:
    cmd: python get_data.py
    deps:
    - path: get_data.py
      md5: 4e8ff0e18dffb99d793d5d88e3658bfa
      size: 525
    outs:
    - path: data_raw.csv
      md5: a6aec8da63a5fa2619af025a76746f29
      size: 68868
  process:
    cmd: python process_data.py
    deps:
    - path: data_raw.csv
      md5: a6aec8da63a5fa2619af025a76746f29
      size: 68868
    - path: process_data.py
      md5: 79b357c12f171f3d07c76780815b651c
      size: 900
    outs:
    - path: data_processed.csv
      md5: 03269b6c0a766dc80e090326008765b3
      size: 24227
  train:
    cmd: python train.py
    deps:
    - path: data_processed.csv
      md5: 03269b6c0a766dc80e090326008765b3
      size: 24227
    - path: train.py
      md5: 990ff64180718d1f6aa2c128b278e3b7
      size: 1794
    outs:
    - path: by_region.png
      md5: 60006129bed460750575966df3fb4657
      size: 7902
    - path: metrics.json
      md5: a16ecf50940a5e1d42c1820eb34bb9aa
      size: 89
    - path: models/clf
      md5: 8361c8cb5757a3e763fe790e038208ba
      size: 57748
    - path: models/clf.mlem
      md5: 1ecd11eed61175f82a95f16097d44756
      size: 985
